
Microsoft Visual Studio Solution File, Format Version 12.00
# Visual Studio Version 16
VisualStudioVersion = 16.0.30413.136
MinimumVisualStudioVersion = 10.0.40219.1
Project("{888888A0-9F3D-457C-B088-3A5042F75D52}") = "проверкаигры", "проверкаигры.pyproj", "{DFDC78CC-AF2E-4E72-A2B4-E5EF5B8B9205}"
EndProject
Global
	GlobalSection(SolutionConfigurationPlatforms) = preSolution
		Debug|Any CPU = Debug|Any CPU
		Release|Any CPU = Release|Any CPU
	EndGlobalSection
	GlobalSection(ProjectConfigurationPlatforms) = postSolution
		{DFDC78CC-AF2E-4E72-A2B4-E5EF5B8B9205}.Debug|Any CPU.ActiveCfg = Debug|Any CPU
		{DFDC78CC-AF2E-4E72-A2B4-E5EF5B8B9205}.Release|Any CPU.ActiveCfg = Release|Any CPU
	EndGlobalSection
	GlobalSection(SolutionProperties) = preSolution
		HideSolutionNode = FALSE
	EndGlobalSection
	GlobalSection(ExtensibilityGlobals) = postSolution
		SolutionGuid = {7750BD7A-9875-4B6E-BB6B-93A30BB12832}
	EndGlobalSection
EndGlobal
